
Microsoft Visual Studio Solution File, Format Version 12.00
# Visual Studio Version 16
VisualStudioVersion = 16.0.29609.76
MinimumVisualStudioVersion = 10.0.40219.1
Project("{9A19103F-16F7-4668-BE54-9A1E7A4F7556}") = "FSDHAssignment1", "FSDHAssignment1.csproj", "{DA300666-8D6E-4132-B3EE-D1E24A0CFA2C}"
EndProject
Project("{9A19103F-16F7-4668-BE54-9A1E7A4F7556}") = "FSDHAssignment1.Model", "FSDHAssignment1.Model\FSDHAssignment1.Model.csproj", "{ECDFD8CA-23A8-4E74-9695-40EE3446A1BF}"
EndProject
Project("{FAE04EC0-301F-11D3-BF4B-00C04F79EFBC}") = "FHSDAssignment1.IData", "FHSDAssignment1.IData\FHSDAssignment1.IData.csproj", "{B8253157-EDE4-4167-81A6-EC7F71A185FF}"
EndProject
Project("{FAE04EC0-301F-11D3-BF4B-00C04F79EFBC}") = "FDSHAssignment1.Data.SQL", "FDSHAssignment1.Data.SQL\FDSHAssignment1.Data.SQL.csproj", "{A80DF8B5-08E6-4D7D-9AFD-25838C3242B5}"
EndProject
Project("{FAE04EC0-301F-11D3-BF4B-00C04F79EFBC}") = "FSDHAssignment1.Data.StaticRepository", "FSDHAssignment1.Data.StaticRepository\FSDHAssignment1.Data.StaticRepository.csproj", "{F057AD48-92D0-4706-916B-14E38BEF6C5A}"
EndProject
Project("{FAE04EC0-301F-11D3-BF4B-00C04F79EFBC}") = "FSDHAssignment1.Logic", "FSDHAssignment1.Logic\FSDHAssignment1.Logic.csproj", "{6D529DA9-ED01-4839-BF64-1EC666F925D1}"
EndProject
Global
	GlobalSection(SolutionConfigurationPlatforms) = preSolution
		Debug|Any CPU = Debug|Any CPU
		Release|Any CPU = Release|Any CPU
	EndGlobalSection
	GlobalSection(ProjectConfigurationPlatforms) = postSolution
		{DA300666-8D6E-4132-B3EE-D1E24A0CFA2C}.Debug|Any CPU.ActiveCfg = Debug|Any CPU
		{DA300666-8D6E-4132-B3EE-D1E24A0CFA2C}.Debug|Any CPU.Build.0 = Debug|Any CPU
		{DA300666-8D6E-4132-B3EE-D1E24A0CFA2C}.Release|Any CPU.ActiveCfg = Release|Any CPU
		{DA300666-8D6E-4132-B3EE-D1E24A0CFA2C}.Release|Any CPU.Build.0 = Release|Any CPU
		{ECDFD8CA-23A8-4E74-9695-40EE3446A1BF}.Debug|Any CPU.ActiveCfg = Debug|Any CPU
		{ECDFD8CA-23A8-4E74-9695-40EE3446A1BF}.Debug|Any CPU.Build.0 = Debug|Any CPU
		{ECDFD8CA-23A8-4E74-9695-40EE3446A1BF}.Release|Any CPU.ActiveCfg = Release|Any CPU
		{ECDFD8CA-23A8-4E74-9695-40EE3446A1BF}.Release|Any CPU.Build.0 = Release|Any CPU
		{B8253157-EDE4-4167-81A6-EC7F71A185FF}.Debug|Any CPU.ActiveCfg = Debug|Any CPU
		{B8253157-EDE4-4167-81A6-EC7F71A185FF}.Debug|Any CPU.Build.0 = Debug|Any CPU
		{B8253157-EDE4-4167-81A6-EC7F71A185FF}.Release|Any CPU.ActiveCfg = Release|Any CPU
		{B8253157-EDE4-4167-81A6-EC7F71A185FF}.Release|Any CPU.Build.0 = Release|Any CPU
		{A80DF8B5-08E6-4D7D-9AFD-25838C3242B5}.Debug|Any CPU.ActiveCfg = Debug|Any CPU
		{A80DF8B5-08E6-4D7D-9AFD-25838C3242B5}.Debug|Any CPU.Build.0 = Debug|Any CPU
		{A80DF8B5-08E6-4D7D-9AFD-25838C3242B5}.Release|Any CPU.ActiveCfg = Release|Any CPU
		{A80DF8B5-08E6-4D7D-9AFD-25838C3242B5}.Release|Any CPU.Build.0 = Release|Any CPU
		{F057AD48-92D0-4706-916B-14E38BEF6C5A}.Debug|Any CPU.ActiveCfg = Debug|Any CPU
		{F057AD48-92D0-4706-916B-14E38BEF6C5A}.Debug|Any CPU.Build.0 = Debug|Any CPU
		{F057AD48-92D0-4706-916B-14E38BEF6C5A}.Release|Any CPU.ActiveCfg = Release|Any CPU
		{F057AD48-92D0-4706-916B-14E38BEF6C5A}.Release|Any CPU.Build.0 = Release|Any CPU
		{6D529DA9-ED01-4839-BF64-1EC666F925D1}.Debug|Any CPU.ActiveCfg = Debug|Any CPU
		{6D529DA9-ED01-4839-BF64-1EC666F925D1}.Debug|Any CPU.Build.0 = Debug|Any CPU
		{6D529DA9-ED01-4839-BF64-1EC666F925D1}.Release|Any CPU.ActiveCfg = Release|Any CPU
		{6D529DA9-ED01-4839-BF64-1EC666F925D1}.Release|Any CPU.Build.0 = Release|Any CPU
	EndGlobalSection
	GlobalSection(SolutionProperties) = preSolution
		HideSolutionNode = FALSE
	EndGlobalSection
	GlobalSection(ExtensibilityGlobals) = postSolution
		SolutionGuid = {06742059-CBC0-4A3B-B7FA-88E9D4CD033C}
	EndGlobalSection
EndGlobal
